// !$*UTF8*$!
{
	archiveVersion = 1;
	classes = {
	};
	objectVersion = 50;
	objects = {

/* Begin PBXBuildFile section */
		6A3E7B32235D7E28006CE67A /* UIViewController+handle.m in Sources */ = {isa = PBXBuildFile; fileRef = 6A3E7B31235D7E28006CE67A /* UIViewController+handle.m */; };
		6A9BECCA235EEC6400794875 /* UINavigationController+FDFullscreenPopGesture.m in Sources */ = {isa = PBXBuildFile; fileRef = 6A9BECC9235EEC6300794875 /* UINavigationController+FDFullscreenPopGesture.m */; };
		6A9ED89923594BA100757EF1 /* B1ViewController.m in Sources */ = {isa = PBXBuildFile; fileRef = 6A9ED89823594BA100757EF1 /* B1ViewController.m */; };
		6A9ED89C23594BAF00757EF1 /* B2ViewController.m in Sources */ = {isa = PBXBuildFile; fileRef = 6A9ED89B23594BAF00757EF1 /* B2ViewController.m */; };
		6A9ED8A223594BE200757EF1 /* D1ViewController.m in Sources */ = {isa = PBXBuildFile; fileRef = 6A9ED8A123594BE200757EF1 /* D1ViewController.m */; };
		6A9ED8A523594BED00757EF1 /* D2ViewController.m in Sources */ = {isa = PBXBuildFile; fileRef = 6A9ED8A423594BED00757EF1 /* D2ViewController.m */; };
		6A9ED8A823594C3800757EF1 /* E1ViewController.m in Sources */ = {isa = PBXBuildFile; fileRef = 6A9ED8A723594C3800757EF1 /* E1ViewController.m */; };
		6A9ED8AB23594C4400757EF1 /* E2ViewController.m in Sources */ = {isa = PBXBuildFile; fileRef = 6A9ED8AA23594C4400757EF1 /* E2ViewController.m */; };
		6A9ED8AE23595A8A00757EF1 /* A1ViewController.m in Sources */ = {isa = PBXBuildFile; fileRef = 6A9ED8AD23595A8A00757EF1 /* A1ViewController.m */; };
		6A9ED8B123595A9600757EF1 /* A2ViewController.m in Sources */ = {isa = PBXBuildFile; fileRef = 6A9ED8B023595A9600757EF1 /* A2ViewController.m */; };
		6A9ED8B423595AA200757EF1 /* C1ViewController.m in Sources */ = {isa = PBXBuildFile; fileRef = 6A9ED8B323595AA200757EF1 /* C1ViewController.m */; };
		6A9ED8B723595AAC00757EF1 /* C2ViewController.m in Sources */ = {isa = PBXBuildFile; fileRef = 6A9ED8B623595AAC00757EF1 /* C2ViewController.m */; };
		6AFD3D8B2357F86B00A820DC /* AppDelegate.m in Sources */ = {isa = PBXBuildFile; fileRef = 6AFD3D8A2357F86B00A820DC /* AppDelegate.m */; };
		6AFD3D912357F86B00A820DC /* Main.storyboard in Resources */ = {isa = PBXBuildFile; fileRef = 6AFD3D8F2357F86B00A820DC /* Main.storyboard */; };
		6AFD3D932357F88F00A820DC /* Assets.xcassets in Resources */ = {isa = PBXBuildFile; fileRef = 6AFD3D922357F88F00A820DC /* Assets.xcassets */; };
		6AFD3D962357F88F00A820DC /* LaunchScreen.storyboard in Resources */ = {isa = PBXBuildFile; fileRef = 6AFD3D942357F88F00A820DC /* LaunchScreen.storyboard */; };
		6AFD3D992357F88F00A820DC /* main.m in Sources */ = {isa = PBXBuildFile; fileRef = 6AFD3D982357F88F00A820DC /* main.m */; };
		6AFFDB582366B50100C8B42C /* XRNavigationBar.h in Headers */ = {isa = PBXBuildFile; fileRef = 6AFFDB562366B50100C8B42C /* XRNavigationBar.h */; settings = {ATTRIBUTES = (Public, ); }; };
		6AFFDB5B2366B50100C8B42C /* XRNavigationBar.framework in Frameworks */ = {isa = PBXBuildFile; fileRef = 6AFFDB542366B50100C8B42C /* XRNavigationBar.framework */; };
		6AFFDB5C2366B50100C8B42C /* XRNavigationBar.framework in Embed Frameworks */ = {isa = PBXBuildFile; fileRef = 6AFFDB542366B50100C8B42C /* XRNavigationBar.framework */; settings = {ATTRIBUTES = (CodeSignOnCopy, RemoveHeadersOnCopy, ); }; };
		6AFFDB632366B5AA00C8B42C /* UIImage+XRColor.h in Headers */ = {isa = PBXBuildFile; fileRef = 6AFFDB612366B5AA00C8B42C /* UIImage+XRColor.h */; settings = {ATTRIBUTES = (Public, ); }; };
		6AFFDB642366B5AA00C8B42C /* UIImage+XRColor.m in Sources */ = {isa = PBXBuildFile; fileRef = 6AFFDB622366B5AA00C8B42C /* UIImage+XRColor.m */; };
		6AFFDB672366B5D400C8B42C /* UINavigationBar+XRColor.h in Headers */ = {isa = PBXBuildFile; fileRef = 6AFFDB652366B5D400C8B42C /* UINavigationBar+XRColor.h */; settings = {ATTRIBUTES = (Public, ); }; };
		6AFFDB682366B5D400C8B42C /* UINavigationBar+XRColor.m in Sources */ = {isa = PBXBuildFile; fileRef = 6AFFDB662366B5D400C8B42C /* UINavigationBar+XRColor.m */; };
		6AFFDB6B2366B5F000C8B42C /* UINavigationController+XR.h in Headers */ = {isa = PBXBuildFile; fileRef = 6AFFDB692366B5F000C8B42C /* UINavigationController+XR.h */; settings = {ATTRIBUTES = (Public, ); }; };
		6AFFDB6C2366B5F000C8B42C /* UINavigationController+XR.m in Sources */ = {isa = PBXBuildFile; fileRef = 6AFFDB6A2366B5F000C8B42C /* UINavigationController+XR.m */; };
		6AFFDB6F2366B61D00C8B42C /* UIViewController+XRColor.h in Headers */ = {isa = PBXBuildFile; fileRef = 6AFFDB6D2366B61D00C8B42C /* UIViewController+XRColor.h */; settings = {ATTRIBUTES = (Public, ); }; };
		6AFFDB702366B61D00C8B42C /* UIViewController+XRColor.m in Sources */ = {isa = PBXBuildFile; fileRef = 6AFFDB6E2366B61D00C8B42C /* UIViewController+XRColor.m */; };
/* End PBXBuildFile section */

/* Begin PBXContainerItemProxy section */
		6AFFDB592366B50100C8B42C /* PBXContainerItemProxy */ = {
			isa = PBXContainerItemProxy;
			containerPortal = 6AFD3D7E2357F86A00A820DC /* Project object */;
			proxyType = 1;
			remoteGlobalIDString = 6AFFDB532366B50100C8B42C;
			remoteInfo = XRNavigationBar;
		};
/* End PBXContainerItemProxy section */

/* Begin PBXCopyFilesBuildPhase section */
		6AFFDB602366B50100C8B42C /* Embed Frameworks */ = {
			isa = PBXCopyFilesBuildPhase;
			buildActionMask = 2147483647;
			dstPath = "";
			dstSubfolderSpec = 10;
			files = (
				6AFFDB5C2366B50100C8B42C /* XRNavigationBar.framework in Embed Frameworks */,
			);
			name = "Embed Frameworks";
			runOnlyForDeploymentPostprocessing = 0;
		};
/* End PBXCopyFilesBuildPhase section */

/* Begin PBXFileReference section */
		6A3E7B30235D7E28006CE67A /* UIViewController+handle.h */ = {isa = PBXFileReference; lastKnownFileType = sourcecode.c.h; path = "UIViewController+handle.h"; sourceTree = "<group>"; };
		6A3E7B31235D7E28006CE67A /* UIViewController+handle.m */ = {isa = PBXFileReference; lastKnownFileType = sourcecode.c.objc; path = "UIViewController+handle.m"; sourceTree = "<group>"; };
		6A9BECC8235EEC6300794875 /* UINavigationController+FDFullscreenPopGesture.h */ = {isa = PBXFileReference; fileEncoding = 4; lastKnownFileType = sourcecode.c.h; path = "UINavigationController+FDFullscreenPopGesture.h"; sourceTree = "<group>"; };
		6A9BECC9235EEC6300794875 /* UINavigationController+FDFullscreenPopGesture.m */ = {isa = PBXFileReference; fileEncoding = 4; lastKnownFileType = sourcecode.c.objc; path = "UINavigationController+FDFullscreenPopGesture.m"; sourceTree = "<group>"; };
		6A9ED89723594BA100757EF1 /* B1ViewController.h */ = {isa = PBXFileReference; lastKnownFileType = sourcecode.c.h; path = B1ViewController.h; sourceTree = "<group>"; };
		6A9ED89823594BA100757EF1 /* B1ViewController.m */ = {isa = PBXFileReference; lastKnownFileType = sourcecode.c.objc; path = B1ViewController.m; sourceTree = "<group>"; };
		6A9ED89A23594BAF00757EF1 /* B2ViewController.h */ = {isa = PBXFileReference; lastKnownFileType = sourcecode.c.h; path = B2ViewController.h; sourceTree = "<group>"; };
		6A9ED89B23594BAF00757EF1 /* B2ViewController.m */ = {isa = PBXFileReference; lastKnownFileType = sourcecode.c.objc; path = B2ViewController.m; sourceTree = "<group>"; };
		6A9ED8A023594BE200757EF1 /* D1ViewController.h */ = {isa = PBXFileReference; lastKnownFileType = sourcecode.c.h; path = D1ViewController.h; sourceTree = "<group>"; };
		6A9ED8A123594BE200757EF1 /* D1ViewController.m */ = {isa = PBXFileReference; lastKnownFileType = sourcecode.c.objc; path = D1ViewController.m; sourceTree = "<group>"; };
		6A9ED8A323594BED00757EF1 /* D2ViewController.h */ = {isa = PBXFileReference; lastKnownFileType = sourcecode.c.h; path = D2ViewController.h; sourceTree = "<group>"; };
		6A9ED8A423594BED00757EF1 /* D2ViewController.m */ = {isa = PBXFileReference; lastKnownFileType = sourcecode.c.objc; path = D2ViewController.m; sourceTree = "<group>"; };
		6A9ED8A623594C3800757EF1 /* E1ViewController.h */ = {isa = PBXFileReference; lastKnownFileType = sourcecode.c.h; path = E1ViewController.h; sourceTree = "<group>"; };
		6A9ED8A723594C3800757EF1 /* E1ViewController.m */ = {isa = PBXFileReference; lastKnownFileType = sourcecode.c.objc; path = E1ViewController.m; sourceTree = "<group>"; };
		6A9ED8A923594C4400757EF1 /* E2ViewController.h */ = {isa = PBXFileReference; lastKnownFileType = sourcecode.c.h; path = E2ViewController.h; sourceTree = "<group>"; };
		6A9ED8AA23594C4400757EF1 /* E2ViewController.m */ = {isa = PBXFileReference; lastKnownFileType = sourcecode.c.objc; path = E2ViewController.m; sourceTree = "<group>"; };
		6A9ED8AC23595A8A00757EF1 /* A1ViewController.h */ = {isa = PBXFileReference; lastKnownFileType = sourcecode.c.h; path = A1ViewController.h; sourceTree = "<group>"; };
		6A9ED8AD23595A8A00757EF1 /* A1ViewController.m */ = {isa = PBXFileReference; lastKnownFileType = sourcecode.c.objc; path = A1ViewController.m; sourceTree = "<group>"; };
		6A9ED8AF23595A9600757EF1 /* A2ViewController.h */ = {isa = PBXFileReference; lastKnownFileType = sourcecode.c.h; path = A2ViewController.h; sourceTree = "<group>"; };
		6A9ED8B023595A9600757EF1 /* A2ViewController.m */ = {isa = PBXFileReference; lastKnownFileType = sourcecode.c.objc; path = A2ViewController.m; sourceTree = "<group>"; };
		6A9ED8B223595AA200757EF1 /* C1ViewController.h */ = {isa = PBXFileReference; lastKnownFileType = sourcecode.c.h; path = C1ViewController.h; sourceTree = "<group>"; };
		6A9ED8B323595AA200757EF1 /* C1ViewController.m */ = {isa = PBXFileReference; lastKnownFileType = sourcecode.c.objc; path = C1ViewController.m; sourceTree = "<group>"; };
		6A9ED8B523595AAC00757EF1 /* C2ViewController.h */ = {isa = PBXFileReference; lastKnownFileType = sourcecode.c.h; path = C2ViewController.h; sourceTree = "<group>"; };
		6A9ED8B623595AAC00757EF1 /* C2ViewController.m */ = {isa = PBXFileReference; lastKnownFileType = sourcecode.c.objc; path = C2ViewController.m; sourceTree = "<group>"; };
		6AFD3D862357F86B00A820DC /* NavigationBar.app */ = {isa = PBXFileReference; explicitFileType = wrapper.application; includeInIndex = 0; path = NavigationBar.app; sourceTree = BUILT_PRODUCTS_DIR; };
		6AFD3D892357F86B00A820DC /* AppDelegate.h */ = {isa = PBXFileReference; lastKnownFileType = sourcecode.c.h; path = AppDelegate.h; sourceTree = "<group>"; };
		6AFD3D8A2357F86B00A820DC /* AppDelegate.m */ = {isa = PBXFileReference; lastKnownFileType = sourcecode.c.objc; path = AppDelegate.m; sourceTree = "<group>"; };
		6AFD3D902357F86B00A820DC /* Base */ = {isa = PBXFileReference; lastKnownFileType = file.storyboard; name = Base; path = Base.lproj/Main.storyboard; sourceTree = "<group>"; };
		6AFD3D922357F88F00A820DC /* Assets.xcassets */ = {isa = PBXFileReference; lastKnownFileType = folder.assetcatalog; path = Assets.xcassets; sourceTree = "<group>"; };
		6AFD3D952357F88F00A820DC /* Base */ = {isa = PBXFileReference; lastKnownFileType = file.storyboard; name = Base; path = Base.lproj/LaunchScreen.storyboard; sourceTree = "<group>"; };
		6AFD3D972357F88F00A820DC /* Info.plist */ = {isa = PBXFileReference; lastKnownFileType = text.plist.xml; path = Info.plist; sourceTree = "<group>"; };
		6AFD3D982357F88F00A820DC /* main.m */ = {isa = PBXFileReference; lastKnownFileType = sourcecode.c.objc; path = main.m; sourceTree = "<group>"; };
		6AFFDB542366B50100C8B42C /* XRNavigationBar.framework */ = {isa = PBXFileReference; explicitFileType = wrapper.framework; includeInIndex = 0; path = XRNavigationBar.framework; sourceTree = BUILT_PRODUCTS_DIR; };
		6AFFDB562366B50100C8B42C /* XRNavigationBar.h */ = {isa = PBXFileReference; lastKnownFileType = sourcecode.c.h; path = XRNavigationBar.h; sourceTree = "<group>"; };
		6AFFDB572366B50100C8B42C /* Info.plist */ = {isa = PBXFileReference; lastKnownFileType = text.plist.xml; path = Info.plist; sourceTree = "<group>"; };
		6AFFDB612366B5AA00C8B42C /* UIImage+XRColor.h */ = {isa = PBXFileReference; lastKnownFileType = sourcecode.c.h; path = "UIImage+XRColor.h"; sourceTree = "<group>"; };
		6AFFDB622366B5AA00C8B42C /* UIImage+XRColor.m */ = {isa = PBXFileReference; lastKnownFileType = sourcecode.c.objc; path = "UIImage+XRColor.m"; sourceTree = "<group>"; };
		6AFFDB652366B5D400C8B42C /* UINavigationBar+XRColor.h */ = {isa = PBXFileReference; lastKnownFileType = sourcecode.c.h; path = "UINavigationBar+XRColor.h"; sourceTree = "<group>"; };
		6AFFDB662366B5D400C8B42C /* UINavigationBar+XRColor.m */ = {isa = PBXFileReference; lastKnownFileType = sourcecode.c.objc; path = "UINavigationBar+XRColor.m"; sourceTree = "<group>"; };
		6AFFDB692366B5F000C8B42C /* UINavigationController+XR.h */ = {isa = PBXFileReference; lastKnownFileType = sourcecode.c.h; path = "UINavigationController+XR.h"; sourceTree = "<group>"; };
		6AFFDB6A2366B5F000C8B42C /* UINavigationController+XR.m */ = {isa = PBXFileReference; lastKnownFileType = sourcecode.c.objc; path = "UINavigationController+XR.m"; sourceTree = "<group>"; };
		6AFFDB6D2366B61D00C8B42C /* UIViewController+XRColor.h */ = {isa = PBXFileReference; lastKnownFileType = sourcecode.c.h; path = "UIViewController+XRColor.h"; sourceTree = "<group>"; };
		6AFFDB6E2366B61D00C8B42C /* UIViewController+XRColor.m */ = {isa = PBXFileReference; lastKnownFileType = sourcecode.c.objc; path = "UIViewController+XRColor.m"; sourceTree = "<group>"; };
/* End PBXFileReference section */

/* Begin PBXFrameworksBuildPhase section */
		6AFD3D832357F86B00A820DC /* Frameworks */ = {
			isa = PBXFrameworksBuildPhase;
			buildActionMask = 2147483647;
			files = (
				6AFFDB5B2366B50100C8B42C /* XRNavigationBar.framework in Frameworks */,
			);
			runOnlyForDeploymentPostprocessing = 0;
		};
		6AFFDB512366B50100C8B42C /* Frameworks */ = {
			isa = PBXFrameworksBuildPhase;
			buildActionMask = 2147483647;
			files = (
			);
			runOnlyForDeploymentPostprocessing = 0;
		};
/* End PBXFrameworksBuildPhase section */

/* Begin PBXGroup section */
		6A9BECC7235EEC6300794875 /* FDFullscreenPopGesture */ = {
			isa = PBXGroup;
			children = (
				6A9BECC8235EEC6300794875 /* UINavigationController+FDFullscreenPopGesture.h */,
				6A9BECC9235EEC6300794875 /* UINavigationController+FDFullscreenPopGesture.m */,
			);
			path = FDFullscreenPopGesture;
			sourceTree = "<group>";
		};
		6AFD3D7D2357F86A00A820DC = {
			isa = PBXGroup;
			children = (
				6A9BECC7235EEC6300794875 /* FDFullscreenPopGesture */,
				6AFD3D882357F86B00A820DC /* NavigationBar */,
				6AFFDB552366B50100C8B42C /* XRNavigationBar */,
				6AFD3D872357F86B00A820DC /* Products */,
			);
			sourceTree = "<group>";
		};
		6AFD3D872357F86B00A820DC /* Products */ = {
			isa = PBXGroup;
			children = (
				6AFD3D862357F86B00A820DC /* NavigationBar.app */,
				6AFFDB542366B50100C8B42C /* XRNavigationBar.framework */,
			);
			name = Products;
			sourceTree = "<group>";
		};
		6AFD3D882357F86B00A820DC /* NavigationBar */ = {
			isa = PBXGroup;
			children = (
				6AFD3D892357F86B00A820DC /* AppDelegate.h */,
				6AFD3D8A2357F86B00A820DC /* AppDelegate.m */,
				6A9ED8AC23595A8A00757EF1 /* A1ViewController.h */,
				6A9ED8AD23595A8A00757EF1 /* A1ViewController.m */,
				6A9ED8AF23595A9600757EF1 /* A2ViewController.h */,
				6A9ED8B023595A9600757EF1 /* A2ViewController.m */,
				6A9ED89723594BA100757EF1 /* B1ViewController.h */,
				6A9ED89823594BA100757EF1 /* B1ViewController.m */,
				6A9ED89A23594BAF00757EF1 /* B2ViewController.h */,
				6A9ED89B23594BAF00757EF1 /* B2ViewController.m */,
				6A9ED8B223595AA200757EF1 /* C1ViewController.h */,
				6A9ED8B323595AA200757EF1 /* C1ViewController.m */,
				6A9ED8B523595AAC00757EF1 /* C2ViewController.h */,
				6A9ED8B623595AAC00757EF1 /* C2ViewController.m */,
				6A9ED8A023594BE200757EF1 /* D1ViewController.h */,
				6A9ED8A123594BE200757EF1 /* D1ViewController.m */,
				6A9ED8A323594BED00757EF1 /* D2ViewController.h */,
				6A9ED8A423594BED00757EF1 /* D2ViewController.m */,
				6A9ED8A623594C3800757EF1 /* E1ViewController.h */,
				6A9ED8A723594C3800757EF1 /* E1ViewController.m */,
				6A9ED8A923594C4400757EF1 /* E2ViewController.h */,
				6A9ED8AA23594C4400757EF1 /* E2ViewController.m */,
				6A3E7B30235D7E28006CE67A /* UIViewController+handle.h */,
				6A3E7B31235D7E28006CE67A /* UIViewController+handle.m */,
				6AFD3D8F2357F86B00A820DC /* Main.storyboard */,
				6AFD3D922357F88F00A820DC /* Assets.xcassets */,
				6AFD3D942357F88F00A820DC /* LaunchScreen.storyboard */,
				6AFD3D972357F88F00A820DC /* Info.plist */,
				6AFD3D982357F88F00A820DC /* main.m */,
			);
			path = NavigationBar;
			sourceTree = "<group>";
		};
		6AFFDB552366B50100C8B42C /* XRNavigationBar */ = {
			isa = PBXGroup;
			children = (
				6AFFDB572366B50100C8B42C /* Info.plist */,
				6AFFDB562366B50100C8B42C /* XRNavigationBar.h */,
				6AFFDB612366B5AA00C8B42C /* UIImage+XRColor.h */,
				6AFFDB622366B5AA00C8B42C /* UIImage+XRColor.m */,
				6AFFDB652366B5D400C8B42C /* UINavigationBar+XRColor.h */,
				6AFFDB662366B5D400C8B42C /* UINavigationBar+XRColor.m */,
				6AFFDB692366B5F000C8B42C /* UINavigationController+XR.h */,
				6AFFDB6A2366B5F000C8B42C /* UINavigationController+XR.m */,
				6AFFDB6D2366B61D00C8B42C /* UIViewController+XRColor.h */,
				6AFFDB6E2366B61D00C8B42C /* UIViewController+XRColor.m */,
			);
			path = XRNavigationBar;
			sourceTree = "<group>";
		};
/* End PBXGroup section */

/* Begin PBXHeadersBuildPhase section */
		6AFFDB4F2366B50100C8B42C /* Headers */ = {
			isa = PBXHeadersBuildPhase;
			buildActionMask = 2147483647;
			files = (
				6AFFDB672366B5D400C8B42C /* UINavigationBar+XRColor.h in Headers */,
				6AFFDB6F2366B61D00C8B42C /* UIViewController+XRColor.h in Headers */,
				6AFFDB632366B5AA00C8B42C /* UIImage+XRColor.h in Headers */,
				6AFFDB6B2366B5F000C8B42C /* UINavigationController+XR.h in Headers */,
				6AFFDB582366B50100C8B42C /* XRNavigationBar.h in Headers */,
			);
			runOnlyForDeploymentPostprocessing = 0;
		};
/* End PBXHeadersBuildPhase section */

/* Begin PBXNativeTarget section */
		6AFD3D852357F86B00A820DC /* NavigationBar */ = {
			isa = PBXNativeTarget;
			buildConfigurationList = 6AFD3D9C2357F88F00A820DC /* Build configuration list for PBXNativeTarget "NavigationBar" */;
			buildPhases = (
				6AFD3D822357F86B00A820DC /* Sources */,
				6AFD3D832357F86B00A820DC /* Frameworks */,
				6AFD3D842357F86B00A820DC /* Resources */,
				6AFFDB602366B50100C8B42C /* Embed Frameworks */,
			);
			buildRules = (
			);
			dependencies = (
				6AFFDB5A2366B50100C8B42C /* PBXTargetDependency */,
			);
			name = NavigationBar;
			productName = NavigationBar;
			productReference = 6AFD3D862357F86B00A820DC /* NavigationBar.app */;
			productType = "com.apple.product-type.application";
		};
		6AFFDB532366B50100C8B42C /* XRNavigationBar */ = {
			isa = PBXNativeTarget;
			buildConfigurationList = 6AFFDB5F2366B50100C8B42C /* Build configuration list for PBXNativeTarget "XRNavigationBar" */;
			buildPhases = (
				6AFFDB4F2366B50100C8B42C /* Headers */,
				6AFFDB502366B50100C8B42C /* Sources */,
				6AFFDB512366B50100C8B42C /* Frameworks */,
				6AFFDB522366B50100C8B42C /* Resources */,
			);
			buildRules = (
			);
			dependencies = (
			);
			name = XRNavigationBar;
			productName = XRNavigationBar;
			productReference = 6AFFDB542366B50100C8B42C /* XRNavigationBar.framework */;
			productType = "com.apple.product-type.framework";
		};
/* End PBXNativeTarget section */

/* Begin PBXProject section */
		6AFD3D7E2357F86A00A820DC /* Project object */ = {
			isa = PBXProject;
			attributes = {
				LastUpgradeCheck = 1020;
				ORGANIZATIONNAME = LL;
				TargetAttributes = {
					6AFD3D852357F86B00A820DC = {
						CreatedOnToolsVersion = 10.2;
					};
					6AFFDB532366B50100C8B42C = {
						CreatedOnToolsVersion = 10.2;
					};
				};
			};
			buildConfigurationList = 6AFD3D812357F86A00A820DC /* Build configuration list for PBXProject "NavigationBar" */;
			compatibilityVersion = "Xcode 9.3";
			developmentRegion = en;
			hasScannedForEncodings = 0;
			knownRegions = (
				en,
				Base,
			);
			mainGroup = 6AFD3D7D2357F86A00A820DC;
			productRefGroup = 6AFD3D872357F86B00A820DC /* Products */;
			projectDirPath = "";
			projectRoot = "";
			targets = (
				6AFD3D852357F86B00A820DC /* NavigationBar */,
				6AFFDB532366B50100C8B42C /* XRNavigationBar */,
			);
		};
/* End PBXProject section */

/* Begin PBXResourcesBuildPhase section */
		6AFD3D842357F86B00A820DC /* Resources */ = {
			isa = PBXResourcesBuildPhase;
			buildActionMask = 2147483647;
			files = (
				6AFD3D962357F88F00A820DC /* LaunchScreen.storyboard in Resources */,
				6AFD3D932357F88F00A820DC /* Assets.xcassets in Resources */,
				6AFD3D912357F86B00A820DC /* Main.storyboard in Resources */,
			);
			runOnlyForDeploymentPostprocessing = 0;
		};
		6AFFDB522366B50100C8B42C /* Resources */ = {
			isa = PBXResourcesBuildPhase;
			buildActionMask = 2147483647;
			files = (
			);
			runOnlyForDeploymentPostprocessing = 0;
		};
/* End PBXResourcesBuildPhase section */

/* Begin PBXSourcesBuildPhase section */
		6AFD3D822357F86B00A820DC /* Sources */ = {
			isa = PBXSourcesBuildPhase;
			buildActionMask = 2147483647;
			files = (
				6A9ED89923594BA100757EF1 /* B1ViewController.m in Sources */,
				6A9ED8AE23595A8A00757EF1 /* A1ViewController.m in Sources */,
				6A9ED89C23594BAF00757EF1 /* B2ViewController.m in Sources */,
				6A9ED8A523594BED00757EF1 /* D2ViewController.m in Sources */,
				6A9ED8B723595AAC00757EF1 /* C2ViewController.m in Sources */,
				6AFD3D992357F88F00A820DC /* main.m in Sources */,
				6AFD3D8B2357F86B00A820DC /* AppDelegate.m in Sources */,
				6A9ED8B423595AA200757EF1 /* C1ViewController.m in Sources */,
				6A3E7B32235D7E28006CE67A /* UIViewController+handle.m in Sources */,
				6A9BECCA235EEC6400794875 /* UINavigationController+FDFullscreenPopGesture.m in Sources */,
				6A9ED8B123595A9600757EF1 /* A2ViewController.m in Sources */,
				6A9ED8AB23594C4400757EF1 /* E2ViewController.m in Sources */,
				6A9ED8A823594C3800757EF1 /* E1ViewController.m in Sources */,
				6A9ED8A223594BE200757EF1 /* D1ViewController.m in Sources */,
			);
			runOnlyForDeploymentPostprocessing = 0;
		};
		6AFFDB502366B50100C8B42C /* Sources */ = {
			isa = PBXSourcesBuildPhase;
			buildActionMask = 2147483647;
			files = (
				6AFFDB642366B5AA00C8B42C /* UIImage+XRColor.m in Sources */,
				6AFFDB682366B5D400C8B42C /* UINavigationBar+XRColor.m in Sources */,
				6AFFDB702366B61D00C8B42C /* UIViewController+XRColor.m in Sources */,
				6AFFDB6C2366B5F000C8B42C /* UINavigationController+XR.m in Sources */,
			);
			runOnlyForDeploymentPostprocessing = 0;
		};
/* End PBXSourcesBuildPhase section */

/* Begin PBXTargetDependency section */
		6AFFDB5A2366B50100C8B42C /* PBXTargetDependency */ = {
			isa = PBXTargetDependency;
			target = 6AFFDB532366B50100C8B42C /* XRNavigationBar */;
			targetProxy = 6AFFDB592366B50100C8B42C /* PBXContainerItemProxy */;
		};
/* End PBXTargetDependency section */

/* Begin PBXVariantGroup section */
		6AFD3D8F2357F86B00A820DC /* Main.storyboard */ = {
			isa = PBXVariantGroup;
			children = (
				6AFD3D902357F86B00A820DC /* Base */,
			);
			name = Main.storyboard;
			sourceTree = "<group>";
		};
		6AFD3D942357F88F00A820DC /* LaunchScreen.storyboard */ = {
			isa = PBXVariantGroup;
			children = (
				6AFD3D952357F88F00A820DC /* Base */,
			);
			name = LaunchScreen.storyboard;
			sourceTree = "<group>";
		};
/* End PBXVariantGroup section */

/* Begin XCBuildConfiguration section */
		6AFD3D9A2357F88F00A820DC /* Debug */ = {
			isa = XCBuildConfiguration;
			buildSettings = {
				ALWAYS_SEARCH_USER_PATHS = NO;
				CLANG_ANALYZER_NONNULL = YES;
				CLANG_ANALYZER_NUMBER_OBJECT_CONVERSION = YES_AGGRESSIVE;
				CLANG_CXX_LANGUAGE_STANDARD = "gnu++14";
				CLANG_CXX_LIBRARY = "libc++";
				CLANG_ENABLE_MODULES = YES;
				CLANG_ENABLE_OBJC_ARC = YES;
				CLANG_ENABLE_OBJC_WEAK = YES;
				CLANG_WARN_BLOCK_CAPTURE_AUTORELEASING = YES;
				CLANG_WARN_BOOL_CONVERSION = YES;
				CLANG_WARN_COMMA = YES;
				CLANG_WARN_CONSTANT_CONVERSION = YES;
				CLANG_WARN_DEPRECATED_OBJC_IMPLEMENTATIONS = YES;
				CLANG_WARN_DIRECT_OBJC_ISA_USAGE = YES_ERROR;
				CLANG_WARN_DOCUMENTATION_COMMENTS = YES;
				CLANG_WARN_EMPTY_BODY = YES;
				CLANG_WARN_ENUM_CONVERSION = YES;
				CLANG_WARN_INFINITE_RECURSION = YES;
				CLANG_WARN_INT_CONVERSION = YES;
				CLANG_WARN_NON_LITERAL_NULL_CONVERSION = YES;
				CLANG_WARN_OBJC_IMPLICIT_RETAIN_SELF = YES;
				CLANG_WARN_OBJC_LITERAL_CONVERSION = YES;
				CLANG_WARN_OBJC_ROOT_CLASS = YES_ERROR;
				CLANG_WARN_RANGE_LOOP_ANALYSIS = YES;
				CLANG_WARN_STRICT_PROTOTYPES = YES;
				CLANG_WARN_SUSPICIOUS_MOVE = YES;
				CLANG_WARN_UNGUARDED_AVAILABILITY = YES_AGGRESSIVE;
				CLANG_WARN_UNREACHABLE_CODE = YES;
				CLANG_WARN__DUPLICATE_METHOD_MATCH = YES;
				CODE_SIGN_IDENTITY = "iPhone Developer";
				COPY_PHASE_STRIP = NO;
				DEBUG_INFORMATION_FORMAT = dwarf;
				ENABLE_STRICT_OBJC_MSGSEND = YES;
				ENABLE_TESTABILITY = YES;
				GCC_C_LANGUAGE_STANDARD = gnu11;
				GCC_DYNAMIC_NO_PIC = NO;
				GCC_NO_COMMON_BLOCKS = YES;
				GCC_OPTIMIZATION_LEVEL = 0;
				GCC_PREPROCESSOR_DEFINITIONS = (
					"DEBUG=1",
					"$(inherited)",
				);
				GCC_WARN_64_TO_32_BIT_CONVERSION = YES;
				GCC_WARN_ABOUT_RETURN_TYPE = YES_ERROR;
				GCC_WARN_UNDECLARED_SELECTOR = YES;
				GCC_WARN_UNINITIALIZED_AUTOS = YES_AGGRESSIVE;
				GCC_WARN_UNUSED_FUNCTION = YES;
				GCC_WARN_UNUSED_VARIABLE = YES;
				IPHONEOS_DEPLOYMENT_TARGET = 12.2;
				MTL_ENABLE_DEBUG_INFO = INCLUDE_SOURCE;
				MTL_FAST_MATH = YES;
				ONLY_ACTIVE_ARCH = YES;
				SDKROOT = iphoneos;
			};
			name = Debug;
		};
		6AFD3D9B2357F88F00A820DC /* Release */ = {
			isa = XCBuildConfiguration;
			buildSettings = {
				ALWAYS_SEARCH_USER_PATHS = NO;
				CLANG_ANALYZER_NONNULL = YES;
				CLANG_ANALYZER_NUMBER_OBJECT_CONVERSION = YES_AGGRESSIVE;
				CLANG_CXX_LANGUAGE_STANDARD = "gnu++14";
				CLANG_CXX_LIBRARY = "libc++";
				CLANG_ENABLE_MODULES = YES;
				CLANG_ENABLE_OBJC_ARC = YES;
				CLANG_ENABLE_OBJC_WEAK = YES;
				CLANG_WARN_BLOCK_CAPTURE_AUTORELEASING = YES;
				CLANG_WARN_BOOL_CONVERSION = YES;
				CLANG_WARN_COMMA = YES;
				CLANG_WARN_CONSTANT_CONVERSION = YES;
				CLANG_WARN_DEPRECATED_OBJC_IMPLEMENTATIONS = YES;
				CLANG_WARN_DIRECT_OBJC_ISA_USAGE = YES_ERROR;
				CLANG_WARN_DOCUMENTATION_COMMENTS = YES;
				CLANG_WARN_EMPTY_BODY = YES;
				CLANG_WARN_ENUM_CONVERSION = YES;
				CLANG_WARN_INFINITE_RECURSION = YES;
				CLANG_WARN_INT_CONVERSION = YES;
				CLANG_WARN_NON_LITERAL_NULL_CONVERSION = YES;
				CLANG_WARN_OBJC_IMPLICIT_RETAIN_SELF = YES;
				CLANG_WARN_OBJC_LITERAL_CONVERSION = YES;
				CLANG_WARN_OBJC_ROOT_CLASS = YES_ERROR;
				CLANG_WARN_RANGE_LOOP_ANALYSIS = YES;
				CLANG_WARN_STRICT_PROTOTYPES = YES;
				CLANG_WARN_SUSPICIOUS_MOVE = YES;
				CLANG_WARN_UNGUARDED_AVAILABILITY = YES_AGGRESSIVE;
				CLANG_WARN_UNREACHABLE_CODE = YES;
				CLANG_WARN__DUPLICATE_METHOD_MATCH = YES;
				CODE_SIGN_IDENTITY = "iPhone Developer";
				COPY_PHASE_STRIP = NO;
				DEBUG_INFORMATION_FORMAT = "dwarf-with-dsym";
				ENABLE_NS_ASSERTIONS = NO;
				ENABLE_STRICT_OBJC_MSGSEND = YES;
				GCC_C_LANGUAGE_STANDARD = gnu11;
				GCC_NO_COMMON_BLOCKS = YES;
				GCC_WARN_64_TO_32_BIT_CONVERSION = YES;
				GCC_WARN_ABOUT_RETURN_TYPE = YES_ERROR;
				GCC_WARN_UNDECLARED_SELECTOR = YES;
				GCC_WARN_UNINITIALIZED_AUTOS = YES_AGGRESSIVE;
				GCC_WARN_UNUSED_FUNCTION = YES;
				GCC_WARN_UNUSED_VARIABLE = YES;
				IPHONEOS_DEPLOYMENT_TARGET = 12.2;
				MTL_ENABLE_DEBUG_INFO = NO;
				MTL_FAST_MATH = YES;
				SDKROOT = iphoneos;
				VALIDATE_PRODUCT = YES;
			};
			name = Release;
		};
		6AFD3D9D2357F88F00A820DC /* Debug */ = {
			isa = XCBuildConfiguration;
			buildSettings = {
				ASSETCATALOG_COMPILER_APPICON_NAME = AppIcon;
				CODE_SIGN_STYLE = Manual;
				DEVELOPMENT_TEAM = MFJCTVDYG8;
				FRAMEWORK_SEARCH_PATHS = "$(inherited)";
				INFOPLIST_FILE = NavigationBar/Info.plist;
				IPHONEOS_DEPLOYMENT_TARGET = 8.0;
				LD_RUNPATH_SEARCH_PATHS = (
					"$(inherited)",
					"@executable_path/Frameworks",
				);
				OTHER_LDFLAGS = "-ObjC";
				PRODUCT_BUNDLE_IDENTIFIER = com.richinfo.NavigationBar;
				PRODUCT_NAME = "$(TARGET_NAME)";
				PROVISIONING_PROFILE_SPECIFIER = "通用profile";
				TARGETED_DEVICE_FAMILY = "1,2";
			};
			name = Debug;
		};
		6AFD3D9E2357F88F00A820DC /* Release */ = {
			isa = XCBuildConfiguration;
			buildSettings = {
				ASSETCATALOG_COMPILER_APPICON_NAME = AppIcon;
				CODE_SIGN_STYLE = Manual;
				DEVELOPMENT_TEAM = MFJCTVDYG8;
				FRAMEWORK_SEARCH_PATHS = "$(inherited)";
				INFOPLIST_FILE = NavigationBar/Info.plist;
				IPHONEOS_DEPLOYMENT_TARGET = 8.0;
				LD_RUNPATH_SEARCH_PATHS = (
					"$(inherited)",
					"@executable_path/Frameworks",
				);
				OTHER_LDFLAGS = "-ObjC";
				PRODUCT_BUNDLE_IDENTIFIER = com.richinfo.NavigationBar;
				PRODUCT_NAME = "$(TARGET_NAME)";
				PROVISIONING_PROFILE_SPECIFIER = "通用profile";
				TARGETED_DEVICE_FAMILY = "1,2";
			};
			name = Release;
		};
		6AFFDB5D2366B50100C8B42C /* Debug */ = {
			isa = XCBuildConfiguration;
			buildSettings = {
				CODE_SIGN_IDENTITY = "";
				CODE_SIGN_STYLE = Manual;
				CURRENT_PROJECT_VERSION = 1;
				DEFINES_MODULE = YES;
				DEVELOPMENT_TEAM = "";
				DYLIB_COMPATIBILITY_VERSION = 1;
				DYLIB_CURRENT_VERSION = 1;
				INFOPLIST_FILE = XRNavigationBar/Info.plist;
				INSTALL_PATH = "$(LOCAL_LIBRARY_DIR)/Frameworks";
				IPHONEOS_DEPLOYMENT_TARGET = 8.0;
				MACH_O_TYPE = staticlib;
				PRODUCT_BUNDLE_IDENTIFIER = com.richinfo.XRNavigationBar;
				PRODUCT_NAME = "$(TARGET_NAME:c99extidentifier)";
				PROVISIONING_PROFILE_SPECIFIER = "";
				SKIP_INSTALL = YES;
				TARGETED_DEVICE_FAMILY = "1,2";
				VERSIONING_SYSTEM = "apple-generic";
				VERSION_INFO_PREFIX = "";
			};
			name = Debug;
		};
		6AFFDB5E2366B50100C8B42C /* Release */ = {
			isa = XCBuildConfiguration;
			buildSettings = {
				CODE_SIGN_IDENTITY = "";
				CODE_SIGN_STYLE = Manual;
				CURRENT_PROJECT_VERSION = 1;
				DEFINES_MODULE = YES;
				DEVELOPMENT_TEAM = "";
				DYLIB_COMPATIBILITY_VERSION = 1;
				DYLIB_CURRENT_VERSION = 1;
				INFOPLIST_FILE = XRNavigationBar/Info.plist;
				INSTALL_PATH = "$(LOCAL_LIBRARY_DIR)/Frameworks";
				IPHONEOS_DEPLOYMENT_TARGET = 8.0;
				MACH_O_TYPE = staticlib;
				PRODUCT_BUNDLE_IDENTIFIER = com.richinfo.XRNavigationBar;
				PRODUCT_NAME = "$(TARGET_NAME:c99extidentifier)";
				PROVISIONING_PROFILE_SPECIFIER = "";
				SKIP_INSTALL = YES;
				TARGETED_DEVICE_FAMILY = "1,2";
				VERSIONING_SYSTEM = "apple-generic";
				VERSION_INFO_PREFIX = "";
			};
			name = Release;
		};
/* End XCBuildConfiguration section */

/* Begin XCConfigurationList section */
		6AFD3D812357F86A00A820DC /* Build configuration list for PBXProject "NavigationBar" */ = {
			isa = XCConfigurationList;
			buildConfigurations = (
				6AFD3D9A2357F88F00A820DC /* Debug */,
				6AFD3D9B2357F88F00A820DC /* Release */,
			);
			defaultConfigurationIsVisible = 0;
			defaultConfigurationName = Release;
		};
		6AFD3D9C2357F88F00A820DC /* Build configuration list for PBXNativeTarget "NavigationBar" */ = {
			isa = XCConfigurationList;
			buildConfigurations = (
				6AFD3D9D2357F88F00A820DC /* Debug */,
				6AFD3D9E2357F88F00A820DC /* Release */,
			);
			defaultConfigurationIsVisible = 0;
			defaultConfigurationName = Release;
		};
		6AFFDB5F2366B50100C8B42C /* Build configuration list for PBXNativeTarget "XRNavigationBar" */ = {
			isa = XCConfigurationList;
			buildConfigurations = (
				6AFFDB5D2366B50100C8B42C /* Debug */,
				6AFFDB5E2366B50100C8B42C /* Release */,
			);
			defaultConfigurationIsVisible = 0;
			defaultConfigurationName = Release;
		};
/* End XCConfigurationList section */
	};
	rootObject = 6AFD3D7E2357F86A00A820DC /* Project object */;
}
